
Microsoft Visual Studio Solution File, Format Version 12.00
# Visual Studio 14
VisualStudioVersion = 14.0.24720.0
MinimumVisualStudioVersion = 10.0.40219.1
Project("{8BB2217D-0F2D-49D1-97BC-3654ED321F3B}") = "NCalc", "src\NCalc\NCalc.xproj", "{F3E0F86D-52E4-4B30-9131-A5AE87C9269C}"
EndProject
Project("{8BB2217D-0F2D-49D1-97BC-3654ED321F3B}") = "NCalc.Tests", "test\NCalc.Tests\NCalc.Tests.xproj", "{00EE17CD-D198-48C3-AED8-1CE6A816C01B}"
EndProject
Project("{8BB2217D-0F2D-49D1-97BC-3654ED321F3B}") = "NCalc.Play", "src\NCalc.Play\NCalc.Play.xproj", "{396170ED-4A6E-45F6-A1DB-614E55E84D40}"
EndProject
Global
	GlobalSection(SolutionConfigurationPlatforms) = preSolution
		Debug|Any CPU = Debug|Any CPU
		Release|Any CPU = Release|Any CPU
	EndGlobalSection
	GlobalSection(ProjectConfigurationPlatforms) = postSolution
		{F3E0F86D-52E4-4B30-9131-A5AE87C9269C}.Debug|Any CPU.ActiveCfg = Debug|Any CPU
		{F3E0F86D-52E4-4B30-9131-A5AE87C9269C}.Debug|Any CPU.Build.0 = Debug|Any CPU
		{F3E0F86D-52E4-4B30-9131-A5AE87C9269C}.Release|Any CPU.ActiveCfg = Release|Any CPU
		{F3E0F86D-52E4-4B30-9131-A5AE87C9269C}.Release|Any CPU.Build.0 = Release|Any CPU
		{00EE17CD-D198-48C3-AED8-1CE6A816C01B}.Debug|Any CPU.ActiveCfg = Debug|Any CPU
		{00EE17CD-D198-48C3-AED8-1CE6A816C01B}.Debug|Any CPU.Build.0 = Debug|Any CPU
		{00EE17CD-D198-48C3-AED8-1CE6A816C01B}.Release|Any CPU.ActiveCfg = Release|Any CPU
		{00EE17CD-D198-48C3-AED8-1CE6A816C01B}.Release|Any CPU.Build.0 = Release|Any CPU
		{396170ED-4A6E-45F6-A1DB-614E55E84D40}.Debug|Any CPU.ActiveCfg = Debug|Any CPU
		{396170ED-4A6E-45F6-A1DB-614E55E84D40}.Debug|Any CPU.Build.0 = Debug|Any CPU
		{396170ED-4A6E-45F6-A1DB-614E55E84D40}.Release|Any CPU.ActiveCfg = Release|Any CPU
		{396170ED-4A6E-45F6-A1DB-614E55E84D40}.Release|Any CPU.Build.0 = Release|Any CPU
	EndGlobalSection
	GlobalSection(SolutionProperties) = preSolution
		HideSolutionNode = FALSE
	EndGlobalSection
EndGlobal
