
Microsoft Visual Studio Solution File, Format Version 12.00
# Visual Studio Version 17
VisualStudioVersion = 17.7.34003.232
MinimumVisualStudioVersion = 10.0.40219.1
Project("{9A19103F-16F7-4668-BE54-9A1E7A4F7556}") = "NCalc", "src\NCalc\NCalc.csproj", "{F3E0F86D-52E4-4B30-9131-A5AE87C9269C}"
EndProject
Project("{9A19103F-16F7-4668-BE54-9A1E7A4F7556}") = "NCalc.Tests", "test\NCalc.Tests\NCalc.Tests.csproj", "{00EE17CD-D198-48C3-AED8-1CE6A816C01B}"
EndProject
Project("{9A19103F-16F7-4668-BE54-9A1E7A4F7556}") = "NCalc.Play", "src\NCalc.Play\NCalc.Play.csproj", "{396170ED-4A6E-45F6-A1DB-614E55E84D40}"
EndProject
Project("{2150E333-8FDC-42A3-9474-1A3956D46DE8}") = "Solution Items", "Solution Items", "{848BEACC-B4ED-420D-AA06-52167B60C2FA}"
	ProjectSection(SolutionItems) = preProject
		appveyor.yml = appveyor.yml
		grammer\NCalc.g = grammer\NCalc.g
		README.md = README.md
	EndProjectSection
EndProject
Global
	GlobalSection(SolutionConfigurationPlatforms) = preSolution
		Debug|Any CPU = Debug|Any CPU
		Release|Any CPU = Release|Any CPU
	EndGlobalSection
	GlobalSection(ProjectConfigurationPlatforms) = postSolution
		{F3E0F86D-52E4-4B30-9131-A5AE87C9269C}.Debug|Any CPU.ActiveCfg = Debug|Any CPU
		{F3E0F86D-52E4-4B30-9131-A5AE87C9269C}.Debug|Any CPU.Build.0 = Debug|Any CPU
		{F3E0F86D-52E4-4B30-9131-A5AE87C9269C}.Release|Any CPU.ActiveCfg = Release|Any CPU
		{F3E0F86D-52E4-4B30-9131-A5AE87C9269C}.Release|Any CPU.Build.0 = Release|Any CPU
		{00EE17CD-D198-48C3-AED8-1CE6A816C01B}.Debug|Any CPU.ActiveCfg = Debug|Any CPU
		{00EE17CD-D198-48C3-AED8-1CE6A816C01B}.Debug|Any CPU.Build.0 = Debug|Any CPU
		{00EE17CD-D198-48C3-AED8-1CE6A816C01B}.Release|Any CPU.ActiveCfg = Release|Any CPU
		{00EE17CD-D198-48C3-AED8-1CE6A816C01B}.Release|Any CPU.Build.0 = Release|Any CPU
		{396170ED-4A6E-45F6-A1DB-614E55E84D40}.Debug|Any CPU.ActiveCfg = Debug|Any CPU
		{396170ED-4A6E-45F6-A1DB-614E55E84D40}.Debug|Any CPU.Build.0 = Debug|Any CPU
		{396170ED-4A6E-45F6-A1DB-614E55E84D40}.Release|Any CPU.ActiveCfg = Release|Any CPU
		{396170ED-4A6E-45F6-A1DB-614E55E84D40}.Release|Any CPU.Build.0 = Release|Any CPU
	EndGlobalSection
	GlobalSection(SolutionProperties) = preSolution
		HideSolutionNode = FALSE
	EndGlobalSection
	GlobalSection(ExtensibilityGlobals) = postSolution
		SolutionGuid = {A72135DF-4418-42F9-B676-45C36CFF8219}
	EndGlobalSection
EndGlobal
